PODS:
  - archive_extract (0.1.0):
    - Flutter
    - LzmaSDK-ObjC
  - Flutter (1.0.0)
  - flutter_inappwebview_ios (0.0.1):
    - Flutter
    - flutter_inappwebview_ios/Core (= 0.0.1)
    - OrderedSet (~> 6.0.3)
  - flutter_inappwebview_ios/Core (0.0.1):
    - Flutter
    - OrderedSet (~> 6.0.3)
  - gamepads_ios (0.1.1):
    - Flutter
  - google-cast-sdk-no-bluetooth-xcframework (4.8.0):
    - Protobuf (~> 3.13)
  - LzmaSDK-ObjC (2.1.1)
  - media_kit_libs_ios_video (1.0.4):
    - Flutter
  - media_kit_video (0.0.1):
    - Flutter
  - OrderedSet (6.0.3)
  - Protobuf (3.29.6)
  - rar (0.2.1):
    - Flutter
    - UnrarKit (~> 2.9)
  - UnrarKit (2.10):
    - UnrarKit/unrar-lib (= 2.10)
  - UnrarKit/unrar-lib (2.10)

DEPENDENCIES:
  - archive_extract (from `.symlinks/plugins/archive_extract/ios`)
  - Flutter (from `Flutter`)
  - flutter_inappwebview_ios (from `.symlinks/plugins/flutter_inappwebview_ios/ios`)
  - gamepads_ios (from `.symlinks/plugins/gamepads_ios/ios`)
  - google-cast-sdk-no-bluetooth-xcframework (~> 4.8.0)
  - media_kit_libs_ios_video (from `.symlinks/plugins/media_kit_libs_ios_video/ios`)
  - media_kit_video (from `.symlinks/plugins/media_kit_video/ios`)
  - rar (from `.symlinks/plugins/rar/ios`)

SPEC REPOS:
  trunk:
    - google-cast-sdk-no-bluetooth-xcframework
    - LzmaSDK-ObjC
    - OrderedSet
    - Protobuf
    - UnrarKit

EXTERNAL SOURCES:
  archive_extract:
    :path: ".symlinks/plugins/archive_extract/ios"
  Flutter:
    :path: Flutter
  flutter_inappwebview_ios:
    :path: ".symlinks/plugins/flutter_inappwebview_ios/ios"
  gamepads_ios:
    :path: ".symlinks/plugins/gamepads_ios/ios"
  media_kit_libs_ios_video:
    :path: ".symlinks/plugins/media_kit_libs_ios_video/ios"
  media_kit_video:
    :path: ".symlinks/plugins/media_kit_video/ios"
  rar:
    :path: ".symlinks/plugins/rar/ios"

SPEC CHECKSUMS:
  archive_extract: acd7ac4b098e5adc7af644e1d70e6df4ff6f9a28
  Flutter: cabc95a1d2626b1b06e7179b784ebcf0c0cde467
  flutter_inappwebview_ios: b89ba3482b96fb25e00c967aae065701b66e9b99
  gamepads_ios: c75c6d31377d275b0effb9174c619e2705678c09
  google-cast-sdk-no-bluetooth-xcframework: 1783f52a1b2dc0293ac3ae995db5435989a87da7
  LzmaSDK-ObjC: 6c68c37743a658fc9a4c7b70f7d6045b587aa42b
  media_kit_libs_ios_video: 5a18affdb97d1f5d466dc79988b13eff6c5e2854
  media_kit_video: 1746e198cb697d1ffb734b1d05ec429d1fcd1474
  OrderedSet: e539b66b644ff081c73a262d24ad552a69be3a94
  Protobuf: 8d5596f7468be5400861a6bbfb2dfe9d0d1cde34
  rar: 00d3f5fc4c0fc99c36a86c59147fa0d66381adc0
  UnrarKit: 62f535c7a34ec52d2514b9b148f33dcfa9a9dc39

PODFILE CHECKSUM: 1cf7a1e565a086518f37887a73f779d72952f563

COCOAPODS: 1.16.2
